// !$*UTF8*$!
{
	archiveVersion = 1;
	classes = {
	};
	objectVersion = 55;
	objects = {

/* Begin PBXBuildFile section */
		95191ED6285F2297001E1D24 /* GameModel.swift in Sources */ = {isa = PBXBuildFile; fileRef = 95191ED5285F2297001E1D24 /* GameModel.swift */; };
		951EC12D285EFBCE0046CE4B /* GameViewModel.swift in Sources */ = {isa = PBXBuildFile; fileRef = 951EC12C285EFBCE0046CE4B /* GameViewModel.swift */; };
		9524F7CE286E2039003E1318 /* GameView.swift in Sources */ = {isa = PBXBuildFile; fileRef = 95C6175C28528AA200CD6B1A /* GameView.swift */; };
		9524F7CF286E203C003E1318 /* GameModel.swift in Sources */ = {isa = PBXBuildFile; fileRef = 95191ED5285F2297001E1D24 /* GameModel.swift */; };
		9524F7D0286E203E003E1318 /* GameViewModel.swift in Sources */ = {isa = PBXBuildFile; fileRef = 951EC12C285EFBCE0046CE4B /* GameViewModel.swift */; };
		9524F7D1286E2040003E1318 /* TicTacToeSwiftUIApp.swift in Sources */ = {isa = PBXBuildFile; fileRef = 95C6175A28528AA200CD6B1A /* TicTacToeSwiftUIApp.swift */; };
		9524F7D2286E2042003E1318 /* Alerts.swift in Sources */ = {isa = PBXBuildFile; fileRef = 95A22F85285E1C1100BBF51A /* Alerts.swift */; };
		9524F7D3286E2044003E1318 /* Extensions.swift in Sources */ = {isa = PBXBuildFile; fileRef = 9573202B286767D300AA7D34 /* Extensions.swift */; };
		9524F7D4286E204E003E1318 /* Assets.xcassets in Resources */ = {isa = PBXBuildFile; fileRef = 95C6175E28528AA500CD6B1A /* Assets.xcassets */; };
		9573202C286767D300AA7D34 /* Extensions.swift in Sources */ = {isa = PBXBuildFile; fileRef = 9573202B286767D300AA7D34 /* Extensions.swift */; };
		95A22F86285E1C1100BBF51A /* Alerts.swift in Sources */ = {isa = PBXBuildFile; fileRef = 95A22F85285E1C1100BBF51A /* Alerts.swift */; };
		95C6175B28528AA200CD6B1A /* TicTacToeSwiftUIApp.swift in Sources */ = {isa = PBXBuildFile; fileRef = 95C6175A28528AA200CD6B1A /* TicTacToeSwiftUIApp.swift */; };
		95C6175D28528AA200CD6B1A /* GameView.swift in Sources */ = {isa = PBXBuildFile; fileRef = 95C6175C28528AA200CD6B1A /* GameView.swift */; };
		95C6175F28528AA500CD6B1A /* Assets.xcassets in Resources */ = {isa = PBXBuildFile; fileRef = 95C6175E28528AA500CD6B1A /* Assets.xcassets */; };
		95C6176228528AA500CD6B1A /* Preview Assets.xcassets in Resources */ = {isa = PBXBuildFile; fileRef = 95C6176128528AA500CD6B1A /* Preview Assets.xcassets */; };
/* End PBXBuildFile section */

/* Begin PBXContainerItemProxy section */
		9524F7C9286E2015003E1318 /* PBXContainerItemProxy */ = {
			isa = PBXContainerItemProxy;
			containerPortal = 95C6174F28528AA200CD6B1A /* Project object */;
			proxyType = 1;
			remoteGlobalIDString = 95C6175628528AA200CD6B1A;
			remoteInfo = TicTacToeSwiftUI;
		};
/* End PBXContainerItemProxy section */

/* Begin PBXFileReference section */
		95191ED5285F2297001E1D24 /* GameModel.swift */ = {isa = PBXFileReference; lastKnownFileType = sourcecode.swift; path = GameModel.swift; sourceTree = "<group>"; };
		951EC12C285EFBCE0046CE4B /* GameViewModel.swift */ = {isa = PBXFileReference; lastKnownFileType = sourcecode.swift; path = GameViewModel.swift; sourceTree = "<group>"; };
		9524F7C5286E2015003E1318 /* TicTacToeSwiftUITests.xctest */ = {isa = PBXFileReference; explicitFileType = wrapper.cfbundle; includeInIndex = 0; path = TicTacToeSwiftUITests.xctest; sourceTree = BUILT_PRODUCTS_DIR; };
		9573202B286767D300AA7D34 /* Extensions.swift */ = {isa = PBXFileReference; lastKnownFileType = sourcecode.swift; path = Extensions.swift; sourceTree = "<group>"; };
		95A22F85285E1C1100BBF51A /* Alerts.swift */ = {isa = PBXFileReference; lastKnownFileType = sourcecode.swift; path = Alerts.swift; sourceTree = "<group>"; };
		95C6175728528AA200CD6B1A /* TicTacToeSwiftUI.app */ = {isa = PBXFileReference; explicitFileType = wrapper.application; includeInIndex = 0; path = TicTacToeSwiftUI.app; sourceTree = BUILT_PRODUCTS_DIR; };
		95C6175A28528AA200CD6B1A /* TicTacToeSwiftUIApp.swift */ = {isa = PBXFileReference; lastKnownFileType = sourcecode.swift; path = TicTacToeSwiftUIApp.swift; sourceTree = "<group>"; };
		95C6175C28528AA200CD6B1A /* GameView.swift */ = {isa = PBXFileReference; lastKnownFileType = sourcecode.swift; path = GameView.swift; sourceTree = "<group>"; };
		95C6175E28528AA500CD6B1A /* Assets.xcassets */ = {isa = PBXFileReference; lastKnownFileType = folder.assetcatalog; path = Assets.xcassets; sourceTree = "<group>"; };
		95C6176128528AA500CD6B1A /* Preview Assets.xcassets */ = {isa = PBXFileReference; lastKnownFileType = folder.assetcatalog; path = "Preview Assets.xcassets"; sourceTree = "<group>"; };
		95DC3A2B286B9B0300682882 /* Info.plist */ = {isa = PBXFileReference; lastKnownFileType = text.plist; path = Info.plist; sourceTree = "<group>"; };
/* End PBXFileReference section */

/* Begin PBXFrameworksBuildPhase section */
		9524F7C2286E2015003E1318 /* Frameworks */ = {
			isa = PBXFrameworksBuildPhase;
			buildActionMask = 2147483647;
			files = (
			);
			runOnlyForDeploymentPostprocessing = 0;
		};
		95C6175428528AA200CD6B1A /* Frameworks */ = {
			isa = PBXFrameworksBuildPhase;
			buildActionMask = 2147483647;
			files = (
			);
			runOnlyForDeploymentPostprocessing = 0;
		};
/* End PBXFrameworksBuildPhase section */

/* Begin PBXGroup section */
		9524F7BB286E0E80003E1318 /* Game */ = {
			isa = PBXGroup;
			children = (
				95C6175C28528AA200CD6B1A /* GameView.swift */,
				95191ED5285F2297001E1D24 /* GameModel.swift */,
				951EC12C285EFBCE0046CE4B /* GameViewModel.swift */,
			);
			path = Game;
			sourceTree = "<group>";
		};
		95C6174E28528AA200CD6B1A = {
			isa = PBXGroup;
			children = (
				95C6175928528AA200CD6B1A /* TicTacToeSwiftUI */,
				95C6175828528AA200CD6B1A /* Products */,
			);
			sourceTree = "<group>";
		};
		95C6175828528AA200CD6B1A /* Products */ = {
			isa = PBXGroup;
			children = (
				95C6175728528AA200CD6B1A /* TicTacToeSwiftUI.app */,
				9524F7C5286E2015003E1318 /* TicTacToeSwiftUITests.xctest */,
			);
			name = Products;
			sourceTree = "<group>";
		};
		95C6175928528AA200CD6B1A /* TicTacToeSwiftUI */ = {
			isa = PBXGroup;
			children = (
				9524F7BB286E0E80003E1318 /* Game */,
				95C6175A28528AA200CD6B1A /* TicTacToeSwiftUIApp.swift */,
				95A22F85285E1C1100BBF51A /* Alerts.swift */,
				9573202B286767D300AA7D34 /* Extensions.swift */,
				95C6175E28528AA500CD6B1A /* Assets.xcassets */,
				95DC3A2B286B9B0300682882 /* Info.plist */,
				95C6176028528AA500CD6B1A /* Preview Content */,
			);
			path = TicTacToeSwiftUI;
			sourceTree = "<group>";
		};
		95C6176028528AA500CD6B1A /* Preview Content */ = {
			isa = PBXGroup;
			children = (
				95C6176128528AA500CD6B1A /* Preview Assets.xcassets */,
			);
			path = "Preview Content";
			sourceTree = "<group>";
		};
/* End PBXGroup section */

/* Begin PBXNativeTarget section */
		9524F7C4286E2015003E1318 /* TicTacToeSwiftUITests */ = {
			isa = PBXNativeTarget;
			buildConfigurationList = 9524F7CB286E2015003E1318 /* Build configuration list for PBXNativeTarget "TicTacToeSwiftUITests" */;
			buildPhases = (
				9524F7C1286E2015003E1318 /* Sources */,
				9524F7C2286E2015003E1318 /* Frameworks */,
				9524F7C3286E2015003E1318 /* Resources */,
			);
			buildRules = (
			);
			dependencies = (
				9524F7CA286E2015003E1318 /* PBXTargetDependency */,
			);
			name = TicTacToeSwiftUITests;
			productName = TicTacToeSwiftUITests;
			productReference = 9524F7C5286E2015003E1318 /* TicTacToeSwiftUITests.xctest */;
			productType = "com.apple.product-type.bundle.unit-test";
		};
		95C6175628528AA200CD6B1A /* TicTacToeSwiftUI */ = {
			isa = PBXNativeTarget;
			buildConfigurationList = 95C6176528528AA500CD6B1A /* Build configuration list for PBXNativeTarget "TicTacToeSwiftUI" */;
			buildPhases = (
				95C6175328528AA200CD6B1A /* Sources */,
				95C6175428528AA200CD6B1A /* Frameworks */,
				95C6175528528AA200CD6B1A /* Resources */,
			);
			buildRules = (
			);
			dependencies = (
			);
			name = TicTacToeSwiftUI;
			productName = TicTacToeSwiftUI;
			productReference = 95C6175728528AA200CD6B1A /* TicTacToeSwiftUI.app */;
			productType = "com.apple.product-type.application";
		};
/* End PBXNativeTarget section */

/* Begin PBXProject section */
		95C6174F28528AA200CD6B1A /* Project object */ = {
			isa = PBXProject;
			attributes = {
				BuildIndependentTargetsInParallel = 1;
				LastSwiftUpdateCheck = 1330;
				LastUpgradeCheck = 1330;
				TargetAttributes = {
					9524F7C4286E2015003E1318 = {
						CreatedOnToolsVersion = 13.3;
						TestTargetID = 95C6175628528AA200CD6B1A;
					};
					95C6175628528AA200CD6B1A = {
						CreatedOnToolsVersion = 13.3;
					};
				};
			};
			buildConfigurationList = 95C6175228528AA200CD6B1A /* Build configuration list for PBXProject "TicTacToeSwiftUI" */;
			compatibilityVersion = "Xcode 13.0";
			developmentRegion = en;
			hasScannedForEncodings = 0;
			knownRegions = (
				en,
				Base,
			);
			mainGroup = 95C6174E28528AA200CD6B1A;
			productRefGroup = 95C6175828528AA200CD6B1A /* Products */;
			projectDirPath = "";
			projectRoot = "";
			targets = (
				95C6175628528AA200CD6B1A /* TicTacToeSwiftUI */,
				9524F7C4286E2015003E1318 /* TicTacToeSwiftUITests */,
			);
		};
/* End PBXProject section */

/* Begin PBXResourcesBuildPhase section */
		9524F7C3286E2015003E1318 /* Resources */ = {
			isa = PBXResourcesBuildPhase;
			buildActionMask = 2147483647;
			files = (
				9524F7D4286E204E003E1318 /* Assets.xcassets in Resources */,
			);
			runOnlyForDeploymentPostprocessing = 0;
		};
		95C6175528528AA200CD6B1A /* Resources */ = {
			isa = PBXResourcesBuildPhase;
			buildActionMask = 2147483647;
			files = (
				95C6176228528AA500CD6B1A /* Preview Assets.xcassets in Resources */,
				95C6175F28528AA500CD6B1A /* Assets.xcassets in Resources */,
			);
			runOnlyForDeploymentPostprocessing = 0;
		};
/* End PBXResourcesBuildPhase section */

/* Begin PBXSourcesBuildPhase section */
		9524F7C1286E2015003E1318 /* Sources */ = {
			isa = PBXSourcesBuildPhase;
			buildActionMask = 2147483647;
			files = (
				9524F7D1286E2040003E1318 /* TicTacToeSwiftUIApp.swift in Sources */,
				9524F7D0286E203E003E1318 /* GameViewModel.swift in Sources */,
				9524F7CE286E2039003E1318 /* GameView.swift in Sources */,
				9524F7D2286E2042003E1318 /* Alerts.swift in Sources */,
				9524F7CF286E203C003E1318 /* GameModel.swift in Sources */,
				9524F7D3286E2044003E1318 /* Extensions.swift in Sources */,
			);
			runOnlyForDeploymentPostprocessing = 0;
		};
		95C6175328528AA200CD6B1A /* Sources */ = {
			isa = PBXSourcesBuildPhase;
			buildActionMask = 2147483647;
			files = (
				95191ED6285F2297001E1D24 /* GameModel.swift in Sources */,
				9573202C286767D300AA7D34 /* Extensions.swift in Sources */,
				951EC12D285EFBCE0046CE4B /* GameViewModel.swift in Sources */,
				95C6175D28528AA200CD6B1A /* GameView.swift in Sources */,
				95A22F86285E1C1100BBF51A /* Alerts.swift in Sources */,
				95C6175B28528AA200CD6B1A /* TicTacToeSwiftUIApp.swift in Sources */,
			);
			runOnlyForDeploymentPostprocessing = 0;
		};
/* End PBXSourcesBuildPhase section */

/* Begin PBXTargetDependency section */
		9524F7CA286E2015003E1318 /* PBXTargetDependency */ = {
			isa = PBXTargetDependency;
			target = 95C6175628528AA200CD6B1A /* TicTacToeSwiftUI */;
			targetProxy = 9524F7C9286E2015003E1318 /* PBXContainerItemProxy */;
		};
/* End PBXTargetDependency section */

/* Begin XCBuildConfiguration section */
		9524F7CC286E2015003E1318 /* Debug */ = {
			isa = XCBuildConfiguration;
			buildSettings = {
				BUNDLE_LOADER = "$(TEST_HOST)";
				CODE_SIGN_STYLE = Automatic;
				CURRENT_PROJECT_VERSION = 1;
				DEVELOPMENT_TEAM = 9PJDU94ZA9;
				GENERATE_INFOPLIST_FILE = YES;
				MARKETING_VERSION = 1.0;
				PRODUCT_BUNDLE_IDENTIFIER = trainint.TicTacToeSwiftUITests;
				PRODUCT_NAME = "$(TARGET_NAME)";
				SWIFT_EMIT_LOC_STRINGS = NO;
				SWIFT_VERSION = 5.0;
				TARGETED_DEVICE_FAMILY = "1,2";
				TEST_HOST = "$(BUILT_PRODUCTS_DIR)/TicTacToeSwiftUI.app/TicTacToeSwiftUI";
			};
			name = Debug;
		};
		9524F7CD286E2015003E1318 /* Release */ = {
			isa = XCBuildConfiguration;
			buildSettings = {
				BUNDLE_LOADER = "$(TEST_HOST)";
				CODE_SIGN_STYLE = Automatic;
				CURRENT_PROJECT_VERSION = 1;
				DEVELOPMENT_TEAM = 9PJDU94ZA9;
				GENERATE_INFOPLIST_FILE = YES;
				MARKETING_VERSION = 1.0;
				PRODUCT_BUNDLE_IDENTIFIER = trainint.TicTacToeSwiftUITests;
				PRODUCT_NAME = "$(TARGET_NAME)";
				SWIFT_EMIT_LOC_STRINGS = NO;
				SWIFT_VERSION = 5.0;
				TARGETED_DEVICE_FAMILY = "1,2";
				TEST_HOST = "$(BUILT_PRODUCTS_DIR)/TicTacToeSwiftUI.app/TicTacToeSwiftUI";
			};
			name = Release;
		};
		95C6176328528AA500CD6B1A /* Debug */ = {
			isa = XCBuildConfiguration;
			buildSettings = {
				ALWAYS_SEARCH_USER_PATHS = NO;
				CLANG_ANALYZER_NONNULL = YES;
				CLANG_ANALYZER_NUMBER_OBJECT_CONVERSION = YES_AGGRESSIVE;
				CLANG_CXX_LANGUAGE_STANDARD = "gnu++17";
				CLANG_ENABLE_MODULES = YES;
				CLANG_ENABLE_OBJC_ARC = YES;
				CLANG_ENABLE_OBJC_WEAK = YES;
				CLANG_WARN_BLOCK_CAPTURE_AUTORELEASING = YES;
				CLANG_WARN_BOOL_CONVERSION = YES;
				CLANG_WARN_COMMA = YES;
				CLANG_WARN_CONSTANT_CONVERSION = YES;
				CLANG_WARN_DEPRECATED_OBJC_IMPLEMENTATIONS = YES;
				CLANG_WARN_DIRECT_OBJC_ISA_USAGE = YES_ERROR;
				CLANG_WARN_DOCUMENTATION_COMMENTS = YES;
				CLANG_WARN_EMPTY_BODY = YES;
				CLANG_WARN_ENUM_CONVERSION = YES;
				CLANG_WARN_INFINITE_RECURSION = YES;
				CLANG_WARN_INT_CONVERSION = YES;
				CLANG_WARN_NON_LITERAL_NULL_CONVERSION = YES;
				CLANG_WARN_OBJC_IMPLICIT_RETAIN_SELF = YES;
				CLANG_WARN_OBJC_LITERAL_CONVERSION = YES;
				CLANG_WARN_OBJC_ROOT_CLASS = YES_ERROR;
				CLANG_WARN_QUOTED_INCLUDE_IN_FRAMEWORK_HEADER = YES;
				CLANG_WARN_RANGE_LOOP_ANALYSIS = YES;
				CLANG_WARN_STRICT_PROTOTYPES = YES;
				CLANG_WARN_SUSPICIOUS_MOVE = YES;
				CLANG_WARN_UNGUARDED_AVAILABILITY = YES_AGGRESSIVE;
				CLANG_WARN_UNREACHABLE_CODE = YES;
				CLANG_WARN__DUPLICATE_METHOD_MATCH = YES;
				COPY_PHASE_STRIP = NO;
				DEBUG_INFORMATION_FORMAT = dwarf;
				ENABLE_STRICT_OBJC_MSGSEND = YES;
				ENABLE_TESTABILITY = YES;
				GCC_C_LANGUAGE_STANDARD = gnu11;
				GCC_DYNAMIC_NO_PIC = NO;
				GCC_NO_COMMON_BLOCKS = YES;
				GCC_OPTIMIZATION_LEVEL = 0;
				GCC_PREPROCESSOR_DEFINITIONS = (
					"DEBUG=1",
					"$(inherited)",
				);
				GCC_WARN_64_TO_32_BIT_CONVERSION = YES;
				GCC_WARN_ABOUT_RETURN_TYPE = YES_ERROR;
				GCC_WARN_UNDECLARED_SELECTOR = YES;
				GCC_WARN_UNINITIALIZED_AUTOS = YES_AGGRESSIVE;
				GCC_WARN_UNUSED_FUNCTION = YES;
				GCC_WARN_UNUSED_VARIABLE = YES;
				IPHONEOS_DEPLOYMENT_TARGET = 15.4;
				MTL_ENABLE_DEBUG_INFO = INCLUDE_SOURCE;
				MTL_FAST_MATH = YES;
				ONLY_ACTIVE_ARCH = YES;
				SDKROOT = iphoneos;
				SWIFT_ACTIVE_COMPILATION_CONDITIONS = DEBUG;
				SWIFT_OPTIMIZATION_LEVEL = "-Onone";
			};
			name = Debug;
		};
		95C6176428528AA500CD6B1A /* Release */ = {
			isa = XCBuildConfiguration;
			buildSettings = {
				ALWAYS_SEARCH_USER_PATHS = NO;
				CLANG_ANALYZER_NONNULL = YES;
				CLANG_ANALYZER_NUMBER_OBJECT_CONVERSION = YES_AGGRESSIVE;
				CLANG_CXX_LANGUAGE_STANDARD = "gnu++17";
				CLANG_ENABLE_MODULES = YES;
				CLANG_ENABLE_OBJC_ARC = YES;
				CLANG_ENABLE_OBJC_WEAK = YES;
				CLANG_WARN_BLOCK_CAPTURE_AUTORELEASING = YES;
				CLANG_WARN_BOOL_CONVERSION = YES;
				CLANG_WARN_COMMA = YES;
				CLANG_WARN_CONSTANT_CONVERSION = YES;
				CLANG_WARN_DEPRECATED_OBJC_IMPLEMENTATIONS = YES;
				CLANG_WARN_DIRECT_OBJC_ISA_USAGE = YES_ERROR;
				CLANG_WARN_DOCUMENTATION_COMMENTS = YES;
				CLANG_WARN_EMPTY_BODY = YES;
				CLANG_WARN_ENUM_CONVERSION = YES;
				CLANG_WARN_INFINITE_RECURSION = YES;
				CLANG_WARN_INT_CONVERSION = YES;
				CLANG_WARN_NON_LITERAL_NULL_CONVERSION = YES;
				CLANG_WARN_OBJC_IMPLICIT_RETAIN_SELF = YES;
				CLANG_WARN_OBJC_LITERAL_CONVERSION = YES;
				CLANG_WARN_OBJC_ROOT_CLASS = YES_ERROR;
				CLANG_WARN_QUOTED_INCLUDE_IN_FRAMEWORK_HEADER = YES;
				CLANG_WARN_RANGE_LOOP_ANALYSIS = YES;
				CLANG_WARN_STRICT_PROTOTYPES = YES;
				CLANG_WARN_SUSPICIOUS_MOVE = YES;
				CLANG_WARN_UNGUARDED_AVAILABILITY = YES_AGGRESSIVE;
				CLANG_WARN_UNREACHABLE_CODE = YES;
				CLANG_WARN__DUPLICATE_METHOD_MATCH = YES;
				COPY_PHASE_STRIP = NO;
				DEBUG_INFORMATION_FORMAT = "dwarf-with-dsym";
				ENABLE_NS_ASSERTIONS = NO;
				ENABLE_STRICT_OBJC_MSGSEND = YES;
				GCC_C_LANGUAGE_STANDARD = gnu11;
				GCC_NO_COMMON_BLOCKS = YES;
				GCC_WARN_64_TO_32_BIT_CONVERSION = YES;
				GCC_WARN_ABOUT_RETURN_TYPE = YES_ERROR;
				GCC_WARN_UNDECLARED_SELECTOR = YES;
				GCC_WARN_UNINITIALIZED_AUTOS = YES_AGGRESSIVE;
				GCC_WARN_UNUSED_FUNCTION = YES;
				GCC_WARN_UNUSED_VARIABLE = YES;
				IPHONEOS_DEPLOYMENT_TARGET = 15.4;
				MTL_ENABLE_DEBUG_INFO = NO;
				MTL_FAST_MATH = YES;
				SDKROOT = iphoneos;
				SWIFT_COMPILATION_MODE = wholemodule;
				SWIFT_OPTIMIZATION_LEVEL = "-O";
				VALIDATE_PRODUCT = YES;
			};
			name = Release;
		};
		95C6176628528AA500CD6B1A /* Debug */ = {
			isa = XCBuildConfiguration;
			buildSettings = {
				ASSETCATALOG_COMPILER_APPICON_NAME = AppIcon;
				ASSETCATALOG_COMPILER_GLOBAL_ACCENT_COLOR_NAME = AccentColor;
				CODE_SIGN_STYLE = Automatic;
				CURRENT_PROJECT_VERSION = 1;
				DEVELOPMENT_ASSET_PATHS = "\"TicTacToeSwiftUI/Preview Content\"";
				ENABLE_PREVIEWS = YES;
				GENERATE_INFOPLIST_FILE = YES;
				INFOPLIST_FILE = TicTacToeSwiftUI/Info.plist;
				INFOPLIST_KEY_UIApplicationSceneManifest_Generation = YES;
				INFOPLIST_KEY_UIApplicationSupportsIndirectInputEvents = YES;
				INFOPLIST_KEY_UISupportedInterfaceOrientations_iPad = "UIInterfaceOrientationPortrait UIInterfaceOrientationPortraitUpsideDown UIInterfaceOrientationLandscapeLeft UIInterfaceOrientationLandscapeRight";
				INFOPLIST_KEY_UISupportedInterfaceOrientations_iPhone = "UIInterfaceOrientationPortrait UIInterfaceOrientationLandscapeLeft UIInterfaceOrientationLandscapeRight";
				LD_RUNPATH_SEARCH_PATHS = (
					"$(inherited)",
					"@executable_path/Frameworks",
				);
				MARKETING_VERSION = 1.0;
				PRODUCT_BUNDLE_IDENTIFIER = trainint.TicTacToeSwiftUI;
				PRODUCT_NAME = "$(TARGET_NAME)";
				SWIFT_EMIT_LOC_STRINGS = YES;
				SWIFT_VERSION = 5.0;
				TARGETED_DEVICE_FAMILY = "1,2";
			};
			name = Debug;
		};
		95C6176728528AA500CD6B1A /* Release */ = {
			isa = XCBuildConfiguration;
			buildSettings = {
				ASSETCATALOG_COMPILER_APPICON_NAME = AppIcon;
				ASSETCATALOG_COMPILER_GLOBAL_ACCENT_COLOR_NAME = AccentColor;
				CODE_SIGN_STYLE = Automatic;
				CURRENT_PROJECT_VERSION = 1;
				DEVELOPMENT_ASSET_PATHS = "\"TicTacToeSwiftUI/Preview Content\"";
				ENABLE_PREVIEWS = YES;
				GENERATE_INFOPLIST_FILE = YES;
				INFOPLIST_FILE = TicTacToeSwiftUI/Info.plist;
				INFOPLIST_KEY_UIApplicationSceneManifest_Generation = YES;
				INFOPLIST_KEY_UIApplicationSupportsIndirectInputEvents = YES;
				INFOPLIST_KEY_UISupportedInterfaceOrientations_iPad = "UIInterfaceOrientationPortrait UIInterfaceOrientationPortraitUpsideDown UIInterfaceOrientationLandscapeLeft UIInterfaceOrientationLandscapeRight";
				INFOPLIST_KEY_UISupportedInterfaceOrientations_iPhone = "UIInterfaceOrientationPortrait UIInterfaceOrientationLandscapeLeft UIInterfaceOrientationLandscapeRight";
				LD_RUNPATH_SEARCH_PATHS = (
					"$(inherited)",
					"@executable_path/Frameworks",
				);
				MARKETING_VERSION = 1.0;
				PRODUCT_BUNDLE_IDENTIFIER = trainint.TicTacToeSwiftUI;
				PRODUCT_NAME = "$(TARGET_NAME)";
				SWIFT_EMIT_LOC_STRINGS = YES;
				SWIFT_VERSION = 5.0;
				TARGETED_DEVICE_FAMILY = "1,2";
			};
			name = Release;
		};
/* End XCBuildConfiguration section */

/* Begin XCConfigurationList section */
		9524F7CB286E2015003E1318 /* Build configuration list for PBXNativeTarget "TicTacToeSwiftUITests" */ = {
			isa = XCConfigurationList;
			buildConfigurations = (
				9524F7CC286E2015003E1318 /* Debug */,
				9524F7CD286E2015003E1318 /* Release */,
			);
			defaultConfigurationIsVisible = 0;
			defaultConfigurationName = Release;
		};
		95C6175228528AA200CD6B1A /* Build configuration list for PBXProject "TicTacToeSwiftUI" */ = {
			isa = XCConfigurationList;
			buildConfigurations = (
				95C6176328528AA500CD6B1A /* Debug */,
				95C6176428528AA500CD6B1A /* Release */,
			);
			defaultConfigurationIsVisible = 0;
			defaultConfigurationName = Release;
		};
		95C6176528528AA500CD6B1A /* Build configuration list for PBXNativeTarget "TicTacToeSwiftUI" */ = {
			isa = XCConfigurationList;
			buildConfigurations = (
				95C6176628528AA500CD6B1A /* Debug */,
				95C6176728528AA500CD6B1A /* Release */,
			);
			defaultConfigurationIsVisible = 0;
			defaultConfigurationName = Release;
		};
/* End XCConfigurationList section */
	};
	rootObject = 95C6174F28528AA200CD6B1A /* Project object */;
}
